
Microsoft Visual Studio Solution File, Format Version 12.00
# Visual Studio Version 17
VisualStudioVersion = 17.14.37516.0
MinimumVisualStudioVersion = 10.0.40219.1
Project("{9A19103F-16F7-4668-BE54-9A1E7A4F7556}") = "AquaMate", "AquaMate\AquaMate.csproj", "{5153E5C9-D2B5-4F4A-93CD-AB8674E5F7E0}"
EndProject
Project("{9A19103F-16F7-4668-BE54-9A1E7A4F7556}") = "AquaMate.Core", "AquaMate.Core\AquaMate.Core.csproj", "{44B1FEC8-5ADB-4B16-8DD6-80A3A2405D2D}"
EndProject
Project("{FAE04EC0-301F-11D3-BF4B-00C04F79EFBC}") = "AquaMate.Tests", "AquaMate.Tests\AquaMate.Tests.csproj", "{1041B404-D257-F993-E527-7D25D90CD4BE}"
EndProject
Project("{2150E333-8FDC-42A3-9474-1A3956D46DE8}") = "Solution Items", "Solution Items", "{8EC462FD-D22E-90A8-E5CE-7E832BA40C5D}"
	ProjectSection(SolutionItems) = preProject
		locales\english.xml = locales\english.xml
		README.md = README.md
		locales\russian.xml = locales\russian.xml
	EndProjectSection
EndProject
Global
	GlobalSection(SolutionConfigurationPlatforms) = preSolution
		Debug|Any CPU = Debug|Any CPU
		Release|Any CPU = Release|Any CPU
	EndGlobalSection
	GlobalSection(ProjectConfigurationPlatforms) = postSolution
		{5153E5C9-D2B5-4F4A-93CD-AB8674E5F7E0}.Debug|Any CPU.ActiveCfg = Debug|Any CPU
		{5153E5C9-D2B5-4F4A-93CD-AB8674E5F7E0}.Debug|Any CPU.Build.0 = Debug|Any CPU
		{5153E5C9-D2B5-4F4A-93CD-AB8674E5F7E0}.Release|Any CPU.ActiveCfg = Release|Any CPU
		{5153E5C9-D2B5-4F4A-93CD-AB8674E5F7E0}.Release|Any CPU.Build.0 = Release|Any CPU
		{44B1FEC8-5ADB-4B16-8DD6-80A3A2405D2D}.Debug|Any CPU.ActiveCfg = Debug|Any CPU
		{44B1FEC8-5ADB-4B16-8DD6-80A3A2405D2D}.Debug|Any CPU.Build.0 = Debug|Any CPU
		{44B1FEC8-5ADB-4B16-8DD6-80A3A2405D2D}.Release|Any CPU.ActiveCfg = Release|Any CPU
		{44B1FEC8-5ADB-4B16-8DD6-80A3A2405D2D}.Release|Any CPU.Build.0 = Release|Any CPU
		{1041B404-D257-F993-E527-7D25D90CD4BE}.Debug|Any CPU.ActiveCfg = Debug|Any CPU
		{1041B404-D257-F993-E527-7D25D90CD4BE}.Debug|Any CPU.Build.0 = Debug|Any CPU
		{1041B404-D257-F993-E527-7D25D90CD4BE}.Release|Any CPU.ActiveCfg = Release|Any CPU
		{1041B404-D257-F993-E527-7D25D90CD4BE}.Release|Any CPU.Build.0 = Release|Any CPU
	EndGlobalSection
	GlobalSection(SolutionProperties) = preSolution
		HideSolutionNode = FALSE
	EndGlobalSection
	GlobalSection(ExtensibilityGlobals) = postSolution
		SolutionGuid = {44BB777A-69BC-42DC-B328-6FE9A3194581}
	EndGlobalSection
EndGlobal
